// !$*UTF8*$!
{
	archiveVersion = 1;
	classes = {
	};
	objectVersion = 56;
	objects = {

/* Begin PBXBuildFile section */
		C407885F2C4F76BE002B8399 /* Responsiveness.swift in Sources */ = {isa = PBXBuildFile; fileRef = C407885E2C4F76BE002B8399 /* Responsiveness.swift */; };
		C40788622C4F821E002B8399 /* Player.swift in Sources */ = {isa = PBXBuildFile; fileRef = C40788612C4F821E002B8399 /* Player.swift */; };
		C40788642C4F8438002B8399 /* PlayerDetail.swift in Sources */ = {isa = PBXBuildFile; fileRef = C40788632C4F8438002B8399 /* PlayerDetail.swift */; };
		C40788662C4FD59A002B8399 /* Localstorage.swift in Sources */ = {isa = PBXBuildFile; fileRef = C40788652C4FD599002B8399 /* Localstorage.swift */; };
		C40DECA32C4E1E3A005502AB /* noki_demoApp.swift in Sources */ = {isa = PBXBuildFile; fileRef = C40DECA22C4E1E3A005502AB /* noki_demoApp.swift */; };
		C40DECA52C4E1E3A005502AB /* ContentView.swift in Sources */ = {isa = PBXBuildFile; fileRef = C40DECA42C4E1E3A005502AB /* ContentView.swift */; };
		C40DECA72C4E1E3C005502AB /* Assets.xcassets in Resources */ = {isa = PBXBuildFile; fileRef = C40DECA62C4E1E3C005502AB /* Assets.xcassets */; };
		C40DECAA2C4E1E3C005502AB /* Preview Assets.xcassets in Resources */ = {isa = PBXBuildFile; fileRef = C40DECA92C4E1E3C005502AB /* Preview Assets.xcassets */; };
		C40DECB42C4E1E3C005502AB /* noki_demoTests.swift in Sources */ = {isa = PBXBuildFile; fileRef = C40DECB32C4E1E3C005502AB /* noki_demoTests.swift */; };
		C40DECBE2C4E1E3C005502AB /* noki_demoUITests.swift in Sources */ = {isa = PBXBuildFile; fileRef = C40DECBD2C4E1E3C005502AB /* noki_demoUITests.swift */; };
		C40DECC02C4E1E3C005502AB /* noki_demoUITestsLaunchTests.swift in Sources */ = {isa = PBXBuildFile; fileRef = C40DECBF2C4E1E3C005502AB /* noki_demoUITestsLaunchTests.swift */; };
		C40DECD12C4E281B005502AB /* Nunito-Black.ttf in Resources */ = {isa = PBXBuildFile; fileRef = C40DECCD2C4E26F2005502AB /* Nunito-Black.ttf */; };
		C40DECD22C4E281F005502AB /* Nunito-Bold.ttf in Resources */ = {isa = PBXBuildFile; fileRef = C40DECD02C4E26F2005502AB /* Nunito-Bold.ttf */; };
		C40DECD32C4E2821005502AB /* Nunito-Regular.ttf in Resources */ = {isa = PBXBuildFile; fileRef = C40DECCF2C4E26F2005502AB /* Nunito-Regular.ttf */; };
		C40DECD42C4E2823005502AB /* Nunito-SemiBold.ttf in Resources */ = {isa = PBXBuildFile; fileRef = C40DECCE2C4E26F2005502AB /* Nunito-SemiBold.ttf */; };
		C40DECD92C4E5BB6005502AB /* FontStyle.swift in Sources */ = {isa = PBXBuildFile; fileRef = C40DECD82C4E5BB6005502AB /* FontStyle.swift */; };
		C40DECDB2C4E8265005502AB /* Home.swift in Sources */ = {isa = PBXBuildFile; fileRef = C40DECDA2C4E8265005502AB /* Home.swift */; };
		C4940EE82C50D3B90036526C /* FirebaseAuth in Frameworks */ = {isa = PBXBuildFile; productRef = C4940EE72C50D3B90036526C /* FirebaseAuth */; };
		C4940EEA2C50D3B90036526C /* FirebaseFirestore in Frameworks */ = {isa = PBXBuildFile; productRef = C4940EE92C50D3B90036526C /* FirebaseFirestore */; };
		C4940EEC2C50D4260036526C /* GoogleService-Info.plist in Resources */ = {isa = PBXBuildFile; fileRef = C4940EEB2C50D4260036526C /* GoogleService-Info.plist */; };
		C4940EEE2C50D5C50036526C /* Pateints.swift in Sources */ = {isa = PBXBuildFile; fileRef = C4940EED2C50D5C50036526C /* Pateints.swift */; };
		C4940EF02C50E0920036526C /* Patient.swift in Sources */ = {isa = PBXBuildFile; fileRef = C4940EEF2C50E0920036526C /* Patient.swift */; };
		C4940EF22C50E3780036526C /* Datamanager.swift in Sources */ = {isa = PBXBuildFile; fileRef = C4940EF12C50E3780036526C /* Datamanager.swift */; };
		C4940EF42C50EB130036526C /* Addpatient.swift in Sources */ = {isa = PBXBuildFile; fileRef = C4940EF32C50EB130036526C /* Addpatient.swift */; };
/* End PBXBuildFile section */

/* Begin PBXContainerItemProxy section */
		C40DECB02C4E1E3C005502AB /* PBXContainerItemProxy */ = {
			isa = PBXContainerItemProxy;
			containerPortal = C40DEC972C4E1E3A005502AB /* Project object */;
			proxyType = 1;
			remoteGlobalIDString = C40DEC9E2C4E1E3A005502AB;
			remoteInfo = "noki-demo";
		};
		C40DECBA2C4E1E3C005502AB /* PBXContainerItemProxy */ = {
			isa = PBXContainerItemProxy;
			containerPortal = C40DEC972C4E1E3A005502AB /* Project object */;
			proxyType = 1;
			remoteGlobalIDString = C40DEC9E2C4E1E3A005502AB;
			remoteInfo = "noki-demo";
		};
/* End PBXContainerItemProxy section */

/* Begin PBXFileReference section */
		C407885E2C4F76BE002B8399 /* Responsiveness.swift */ = {isa = PBXFileReference; lastKnownFileType = sourcecode.swift; path = Responsiveness.swift; sourceTree = "<group>"; };
		C40788612C4F821E002B8399 /* Player.swift */ = {isa = PBXFileReference; lastKnownFileType = sourcecode.swift; path = Player.swift; sourceTree = "<group>"; };
		C40788632C4F8438002B8399 /* PlayerDetail.swift */ = {isa = PBXFileReference; lastKnownFileType = sourcecode.swift; path = PlayerDetail.swift; sourceTree = "<group>"; };
		C40788652C4FD599002B8399 /* Localstorage.swift */ = {isa = PBXFileReference; lastKnownFileType = sourcecode.swift; path = Localstorage.swift; sourceTree = "<group>"; };
		C40DEC9F2C4E1E3A005502AB /* noki-demo.app */ = {isa = PBXFileReference; explicitFileType = wrapper.application; includeInIndex = 0; path = "noki-demo.app"; sourceTree = BUILT_PRODUCTS_DIR; };
		C40DECA22C4E1E3A005502AB /* noki_demoApp.swift */ = {isa = PBXFileReference; lastKnownFileType = sourcecode.swift; path = noki_demoApp.swift; sourceTree = "<group>"; };
		C40DECA42C4E1E3A005502AB /* ContentView.swift */ = {isa = PBXFileReference; lastKnownFileType = sourcecode.swift; path = ContentView.swift; sourceTree = "<group>"; };
		C40DECA62C4E1E3C005502AB /* Assets.xcassets */ = {isa = PBXFileReference; lastKnownFileType = folder.assetcatalog; path = Assets.xcassets; sourceTree = "<group>"; };
		C40DECA92C4E1E3C005502AB /* Preview Assets.xcassets */ = {isa = PBXFileReference; lastKnownFileType = folder.assetcatalog; path = "Preview Assets.xcassets"; sourceTree = "<group>"; };
		C40DECAF2C4E1E3C005502AB /* noki-demoTests.xctest */ = {isa = PBXFileReference; explicitFileType = wrapper.cfbundle; includeInIndex = 0; path = "noki-demoTests.xctest"; sourceTree = BUILT_PRODUCTS_DIR; };
		C40DECB32C4E1E3C005502AB /* noki_demoTests.swift */ = {isa = PBXFileReference; lastKnownFileType = sourcecode.swift; path = noki_demoTests.swift; sourceTree = "<group>"; };
		C40DECB92C4E1E3C005502AB /* noki-demoUITests.xctest */ = {isa = PBXFileReference; explicitFileType = wrapper.cfbundle; includeInIndex = 0; path = "noki-demoUITests.xctest"; sourceTree = BUILT_PRODUCTS_DIR; };
		C40DECBD2C4E1E3C005502AB /* noki_demoUITests.swift */ = {isa = PBXFileReference; lastKnownFileType = sourcecode.swift; path = noki_demoUITests.swift; sourceTree = "<group>"; };
		C40DECBF2C4E1E3C005502AB /* noki_demoUITestsLaunchTests.swift */ = {isa = PBXFileReference; lastKnownFileType = sourcecode.swift; path = noki_demoUITestsLaunchTests.swift; sourceTree = "<group>"; };
		C40DECCD2C4E26F2005502AB /* Nunito-Black.ttf */ = {isa = PBXFileReference; lastKnownFileType = file; path = "Nunito-Black.ttf"; sourceTree = "<group>"; };
		C40DECCE2C4E26F2005502AB /* Nunito-SemiBold.ttf */ = {isa = PBXFileReference; lastKnownFileType = file; path = "Nunito-SemiBold.ttf"; sourceTree = "<group>"; };
		C40DECCF2C4E26F2005502AB /* Nunito-Regular.ttf */ = {isa = PBXFileReference; lastKnownFileType = file; path = "Nunito-Regular.ttf"; sourceTree = "<group>"; };
		C40DECD02C4E26F2005502AB /* Nunito-Bold.ttf */ = {isa = PBXFileReference; lastKnownFileType = file; path = "Nunito-Bold.ttf"; sourceTree = "<group>"; };
		C40DECD52C4E2DF0005502AB /* Info.plist */ = {isa = PBXFileReference; lastKnownFileType = text.plist; path = Info.plist; sourceTree = "<group>"; };
		C40DECD62C4E2F1B005502AB /* Nunito-Italic.ttf */ = {isa = PBXFileReference; lastKnownFileType = file; path = "Nunito-Italic.ttf"; sourceTree = "<group>"; };
		C40DECD82C4E5BB6005502AB /* FontStyle.swift */ = {isa = PBXFileReference; lastKnownFileType = sourcecode.swift; path = FontStyle.swift; sourceTree = "<group>"; };
		C40DECDA2C4E8265005502AB /* Home.swift */ = {isa = PBXFileReference; lastKnownFileType = sourcecode.swift; path = Home.swift; sourceTree = "<group>"; };
		C4940EEB2C50D4260036526C /* GoogleService-Info.plist */ = {isa = PBXFileReference; fileEncoding = 4; lastKnownFileType = text.plist.xml; path = "GoogleService-Info.plist"; sourceTree = "<group>"; };
		C4940EED2C50D5C50036526C /* Pateints.swift */ = {isa = PBXFileReference; lastKnownFileType = sourcecode.swift; path = Pateints.swift; sourceTree = "<group>"; };
		C4940EEF2C50E0920036526C /* Patient.swift */ = {isa = PBXFileReference; lastKnownFileType = sourcecode.swift; path = Patient.swift; sourceTree = "<group>"; };
		C4940EF12C50E3780036526C /* Datamanager.swift */ = {isa = PBXFileReference; lastKnownFileType = sourcecode.swift; path = Datamanager.swift; sourceTree = "<group>"; };
		C4940EF32C50EB130036526C /* Addpatient.swift */ = {isa = PBXFileReference; lastKnownFileType = sourcecode.swift; path = Addpatient.swift; sourceTree = "<group>"; };
/* End PBXFileReference section */

/* Begin PBXFrameworksBuildPhase section */
		C40DEC9C2C4E1E3A005502AB /* Frameworks */ = {
			isa = PBXFrameworksBuildPhase;
			buildActionMask = 2147483647;
			files = (
				C4940EE82C50D3B90036526C /* FirebaseAuth in Frameworks */,
				C4940EEA2C50D3B90036526C /* FirebaseFirestore in Frameworks */,
			);
			runOnlyForDeploymentPostprocessing = 0;
		};
		C40DECAC2C4E1E3C005502AB /* Frameworks */ = {
			isa = PBXFrameworksBuildPhase;
			buildActionMask = 2147483647;
			files = (
			);
			runOnlyForDeploymentPostprocessing = 0;
		};
		C40DECB62C4E1E3C005502AB /* Frameworks */ = {
			isa = PBXFrameworksBuildPhase;
			buildActionMask = 2147483647;
			files = (
			);
			runOnlyForDeploymentPostprocessing = 0;
		};
/* End PBXFrameworksBuildPhase section */

/* Begin PBXGroup section */
		C40788602C4F81F6002B8399 /* Models */ = {
			isa = PBXGroup;
			children = (
				C40788612C4F821E002B8399 /* Player.swift */,
			);
			path = Models;
			sourceTree = "<group>";
		};
		C40DEC962C4E1E3A005502AB = {
			isa = PBXGroup;
			children = (
				C40DECCC2C4E26C8005502AB /* Fonts */,
				C40DECA12C4E1E3A005502AB /* noki-demo */,
				C40DECB22C4E1E3C005502AB /* noki-demoTests */,
				C40DECBC2C4E1E3C005502AB /* noki-demoUITests */,
				C40DECA02C4E1E3A005502AB /* Products */,
			);
			sourceTree = "<group>";
		};
		C40DECA02C4E1E3A005502AB /* Products */ = {
			isa = PBXGroup;
			children = (
				C40DEC9F2C4E1E3A005502AB /* noki-demo.app */,
				C40DECAF2C4E1E3C005502AB /* noki-demoTests.xctest */,
				C40DECB92C4E1E3C005502AB /* noki-demoUITests.xctest */,
			);
			name = Products;
			sourceTree = "<group>";
		};
		C40DECA12C4E1E3A005502AB /* noki-demo */ = {
			isa = PBXGroup;
			children = (
				C40788602C4F81F6002B8399 /* Models */,
				C40DECD72C4E3172005502AB /* Resources */,
				C40DECD52C4E2DF0005502AB /* Info.plist */,
				C40DECA22C4E1E3A005502AB /* noki_demoApp.swift */,
				C40DECA42C4E1E3A005502AB /* ContentView.swift */,
				C4940EEF2C50E0920036526C /* Patient.swift */,
				C4940EF12C50E3780036526C /* Datamanager.swift */,
				C40DECA62C4E1E3C005502AB /* Assets.xcassets */,
				C4940EEB2C50D4260036526C /* GoogleService-Info.plist */,
				C40DECA82C4E1E3C005502AB /* Preview Content */,
				C40DECD82C4E5BB6005502AB /* FontStyle.swift */,
				C40DECDA2C4E8265005502AB /* Home.swift */,
				C407885E2C4F76BE002B8399 /* Responsiveness.swift */,
				C40788652C4FD599002B8399 /* Localstorage.swift */,
				C40788632C4F8438002B8399 /* PlayerDetail.swift */,
				C4940EF32C50EB130036526C /* Addpatient.swift */,
				C4940EED2C50D5C50036526C /* Pateints.swift */,
			);
			path = "noki-demo";
			sourceTree = "<group>";
		};
		C40DECA82C4E1E3C005502AB /* Preview Content */ = {
			isa = PBXGroup;
			children = (
				C40DECA92C4E1E3C005502AB /* Preview Assets.xcassets */,
			);
			path = "Preview Content";
			sourceTree = "<group>";
		};
		C40DECB22C4E1E3C005502AB /* noki-demoTests */ = {
			isa = PBXGroup;
			children = (
				C40DECB32C4E1E3C005502AB /* noki_demoTests.swift */,
			);
			path = "noki-demoTests";
			sourceTree = "<group>";
		};
		C40DECBC2C4E1E3C005502AB /* noki-demoUITests */ = {
			isa = PBXGroup;
			children = (
				C40DECBD2C4E1E3C005502AB /* noki_demoUITests.swift */,
				C40DECBF2C4E1E3C005502AB /* noki_demoUITestsLaunchTests.swift */,
			);
			path = "noki-demoUITests";
			sourceTree = "<group>";
		};
		C40DECCC2C4E26C8005502AB /* Fonts */ = {
			isa = PBXGroup;
			children = (
			);
			path = Fonts;
			sourceTree = "<group>";
		};
		C40DECD72C4E3172005502AB /* Resources */ = {
			isa = PBXGroup;
			children = (
				C40DECD62C4E2F1B005502AB /* Nunito-Italic.ttf */,
				C40DECCD2C4E26F2005502AB /* Nunito-Black.ttf */,
				C40DECD02C4E26F2005502AB /* Nunito-Bold.ttf */,
				C40DECCF2C4E26F2005502AB /* Nunito-Regular.ttf */,
				C40DECCE2C4E26F2005502AB /* Nunito-SemiBold.ttf */,
			);
			path = Resources;
			sourceTree = "<group>";
		};
/* End PBXGroup section */

/* Begin PBXNativeTarget section */
		C40DEC9E2C4E1E3A005502AB /* noki-demo */ = {
			isa = PBXNativeTarget;
			buildConfigurationList = C40DECC32C4E1E3C005502AB /* Build configuration list for PBXNativeTarget "noki-demo" */;
			buildPhases = (
				C40DEC9B2C4E1E3A005502AB /* Sources */,
				C40DEC9C2C4E1E3A005502AB /* Frameworks */,
				C40DEC9D2C4E1E3A005502AB /* Resources */,
			);
			buildRules = (
			);
			dependencies = (
			);
			name = "noki-demo";
			packageProductDependencies = (
				C4940EE72C50D3B90036526C /* FirebaseAuth */,
				C4940EE92C50D3B90036526C /* FirebaseFirestore */,
			);
			productName = "noki-demo";
			productReference = C40DEC9F2C4E1E3A005502AB /* noki-demo.app */;
			productType = "com.apple.product-type.application";
		};
		C40DECAE2C4E1E3C005502AB /* noki-demoTests */ = {
			isa = PBXNativeTarget;
			buildConfigurationList = C40DECC62C4E1E3C005502AB /* Build configuration list for PBXNativeTarget "noki-demoTests" */;
			buildPhases = (
				C40DECAB2C4E1E3C005502AB /* Sources */,
				C40DECAC2C4E1E3C005502AB /* Frameworks */,
				C40DECAD2C4E1E3C005502AB /* Resources */,
			);
			buildRules = (
			);
			dependencies = (
				C40DECB12C4E1E3C005502AB /* PBXTargetDependency */,
			);
			name = "noki-demoTests";
			productName = "noki-demoTests";
			productReference = C40DECAF2C4E1E3C005502AB /* noki-demoTests.xctest */;
			productType = "com.apple.product-type.bundle.unit-test";
		};
		C40DECB82C4E1E3C005502AB /* noki-demoUITests */ = {
			isa = PBXNativeTarget;
			buildConfigurationList = C40DECC92C4E1E3C005502AB /* Build configuration list for PBXNativeTarget "noki-demoUITests" */;
			buildPhases = (
				C40DECB52C4E1E3C005502AB /* Sources */,
				C40DECB62C4E1E3C005502AB /* Frameworks */,
				C40DECB72C4E1E3C005502AB /* Resources */,
			);
			buildRules = (
			);
			dependencies = (
				C40DECBB2C4E1E3C005502AB /* PBXTargetDependency */,
			);
			name = "noki-demoUITests";
			productName = "noki-demoUITests";
			productReference = C40DECB92C4E1E3C005502AB /* noki-demoUITests.xctest */;
			productType = "com.apple.product-type.bundle.ui-testing";
		};
/* End PBXNativeTarget section */

/* Begin PBXProject section */
		C40DEC972C4E1E3A005502AB /* Project object */ = {
			isa = PBXProject;
			attributes = {
				BuildIndependentTargetsInParallel = 1;
				LastSwiftUpdateCheck = 1540;
				LastUpgradeCheck = 1540;
				TargetAttributes = {
					C40DEC9E2C4E1E3A005502AB = {
						CreatedOnToolsVersion = 15.4;
					};
					C40DECAE2C4E1E3C005502AB = {
						CreatedOnToolsVersion = 15.4;
						TestTargetID = C40DEC9E2C4E1E3A005502AB;
					};
					C40DECB82C4E1E3C005502AB = {
						CreatedOnToolsVersion = 15.4;
						TestTargetID = C40DEC9E2C4E1E3A005502AB;
					};
				};
			};
			buildConfigurationList = C40DEC9A2C4E1E3A005502AB /* Build configuration list for PBXProject "noki-demo" */;
			compatibilityVersion = "Xcode 14.0";
			developmentRegion = en;
			hasScannedForEncodings = 0;
			knownRegions = (
				en,
				Base,
			);
			mainGroup = C40DEC962C4E1E3A005502AB;
			packageReferences = (
				C4940EE62C50D3B90036526C /* XCRemoteSwiftPackageReference "firebase-ios-sdk" */,
			);
			productRefGroup = C40DECA02C4E1E3A005502AB /* Products */;
			projectDirPath = "";
			projectRoot = "";
			targets = (
				C40DEC9E2C4E1E3A005502AB /* noki-demo */,
				C40DECAE2C4E1E3C005502AB /* noki-demoTests */,
				C40DECB82C4E1E3C005502AB /* noki-demoUITests */,
			);
		};
/* End PBXProject section */

/* Begin PBXResourcesBuildPhase section */
		C40DEC9D2C4E1E3A005502AB /* Resources */ = {
			isa = PBXResourcesBuildPhase;
			buildActionMask = 2147483647;
			files = (
				C40DECD42C4E2823005502AB /* Nunito-SemiBold.ttf in Resources */,
				C40DECD32C4E2821005502AB /* Nunito-Regular.ttf in Resources */,
				C40DECAA2C4E1E3C005502AB /* Preview Assets.xcassets in Resources */,
				C40DECA72C4E1E3C005502AB /* Assets.xcassets in Resources */,
				C40DECD22C4E281F005502AB /* Nunito-Bold.ttf in Resources */,
				C40DECD12C4E281B005502AB /* Nunito-Black.ttf in Resources */,
				C4940EEC2C50D4260036526C /* GoogleService-Info.plist in Resources */,
			);
			runOnlyForDeploymentPostprocessing = 0;
		};
		C40DECAD2C4E1E3C005502AB /* Resources */ = {
			isa = PBXResourcesBuildPhase;
			buildActionMask = 2147483647;
			files = (
			);
			runOnlyForDeploymentPostprocessing = 0;
		};
		C40DECB72C4E1E3C005502AB /* Resources */ = {
			isa = PBXResourcesBuildPhase;
			buildActionMask = 2147483647;
			files = (
			);
			runOnlyForDeploymentPostprocessing = 0;
		};
/* End PBXResourcesBuildPhase section */

/* Begin PBXSourcesBuildPhase section */
		C40DEC9B2C4E1E3A005502AB /* Sources */ = {
			isa = PBXSourcesBuildPhase;
			buildActionMask = 2147483647;
			files = (
				C40DECA52C4E1E3A005502AB /* ContentView.swift in Sources */,
				C40DECA32C4E1E3A005502AB /* noki_demoApp.swift in Sources */,
				C407885F2C4F76BE002B8399 /* Responsiveness.swift in Sources */,
				C40788642C4F8438002B8399 /* PlayerDetail.swift in Sources */,
				C40DECDB2C4E8265005502AB /* Home.swift in Sources */,
				C40788662C4FD59A002B8399 /* Localstorage.swift in Sources */,
				C40788622C4F821E002B8399 /* Player.swift in Sources */,
				C40DECD92C4E5BB6005502AB /* FontStyle.swift in Sources */,
				C4940EEE2C50D5C50036526C /* Pateints.swift in Sources */,
				C4940EF42C50EB130036526C /* Addpatient.swift in Sources */,
				C4940EF02C50E0920036526C /* Patient.swift in Sources */,
				C4940EF22C50E3780036526C /* Datamanager.swift in Sources */,
			);
			runOnlyForDeploymentPostprocessing = 0;
		};
		C40DECAB2C4E1E3C005502AB /* Sources */ = {
			isa = PBXSourcesBuildPhase;
			buildActionMask = 2147483647;
			files = (
				C40DECB42C4E1E3C005502AB /* noki_demoTests.swift in Sources */,
			);
			runOnlyForDeploymentPostprocessing = 0;
		};
		C40DECB52C4E1E3C005502AB /* Sources */ = {
			isa = PBXSourcesBuildPhase;
			buildActionMask = 2147483647;
			files = (
				C40DECC02C4E1E3C005502AB /* noki_demoUITestsLaunchTests.swift in Sources */,
				C40DECBE2C4E1E3C005502AB /* noki_demoUITests.swift in Sources */,
			);
			runOnlyForDeploymentPostprocessing = 0;
		};
/* End PBXSourcesBuildPhase section */

/* Begin PBXTargetDependency section */
		C40DECB12C4E1E3C005502AB /* PBXTargetDependency */ = {
			isa = PBXTargetDependency;
			target = C40DEC9E2C4E1E3A005502AB /* noki-demo */;
			targetProxy = C40DECB02C4E1E3C005502AB /* PBXContainerItemProxy */;
		};
		C40DECBB2C4E1E3C005502AB /* PBXTargetDependency */ = {
			isa = PBXTargetDependency;
			target = C40DEC9E2C4E1E3A005502AB /* noki-demo */;
			targetProxy = C40DECBA2C4E1E3C005502AB /* PBXContainerItemProxy */;
		};
/* End PBXTargetDependency section */

/* Begin XCBuildConfiguration section */
		C40DECC12C4E1E3C005502AB /* Debug */ = {
			isa = XCBuildConfiguration;
			buildSettings = {
				ALWAYS_SEARCH_USER_PATHS = NO;
				ASSETCATALOG_COMPILER_GENERATE_SWIFT_ASSET_SYMBOL_EXTENSIONS = YES;
				CLANG_ANALYZER_NONNULL = YES;
				CLANG_ANALYZER_NUMBER_OBJECT_CONVERSION = YES_AGGRESSIVE;
				CLANG_CXX_LANGUAGE_STANDARD = "gnu++20";
				CLANG_ENABLE_MODULES = YES;
				CLANG_ENABLE_OBJC_ARC = YES;
				CLANG_ENABLE_OBJC_WEAK = YES;
				CLANG_WARN_BLOCK_CAPTURE_AUTORELEASING = YES;
				CLANG_WARN_BOOL_CONVERSION = YES;
				CLANG_WARN_COMMA = YES;
				CLANG_WARN_CONSTANT_CONVERSION = YES;
				CLANG_WARN_DEPRECATED_OBJC_IMPLEMENTATIONS = YES;
				CLANG_WARN_DIRECT_OBJC_ISA_USAGE = YES_ERROR;
				CLANG_WARN_DOCUMENTATION_COMMENTS = YES;
				CLANG_WARN_EMPTY_BODY = YES;
				CLANG_WARN_ENUM_CONVERSION = YES;
				CLANG_WARN_INFINITE_RECURSION = YES;
				CLANG_WARN_INT_CONVERSION = YES;
				CLANG_WARN_NON_LITERAL_NULL_CONVERSION = YES;
				CLANG_WARN_OBJC_IMPLICIT_RETAIN_SELF = YES;
				CLANG_WARN_OBJC_LITERAL_CONVERSION = YES;
				CLANG_WARN_OBJC_ROOT_CLASS = YES_ERROR;
				CLANG_WARN_QUOTED_INCLUDE_IN_FRAMEWORK_HEADER = YES;
				CLANG_WARN_RANGE_LOOP_ANALYSIS = YES;
				CLANG_WARN_STRICT_PROTOTYPES = YES;
				CLANG_WARN_SUSPICIOUS_MOVE = YES;
				CLANG_WARN_UNGUARDED_AVAILABILITY = YES_AGGRESSIVE;
				CLANG_WARN_UNREACHABLE_CODE = YES;
				CLANG_WARN__DUPLICATE_METHOD_MATCH = YES;
				COPY_PHASE_STRIP = NO;
				DEBUG_INFORMATION_FORMAT = dwarf;
				ENABLE_STRICT_OBJC_MSGSEND = YES;
				ENABLE_TESTABILITY = YES;
				ENABLE_USER_SCRIPT_SANDBOXING = YES;
				GCC_C_LANGUAGE_STANDARD = gnu17;
				GCC_DYNAMIC_NO_PIC = NO;
				GCC_NO_COMMON_BLOCKS = YES;
				GCC_OPTIMIZATION_LEVEL = 0;
				GCC_PREPROCESSOR_DEFINITIONS = (
					"DEBUG=1",
					"$(inherited)",
				);
				GCC_WARN_64_TO_32_BIT_CONVERSION = YES;
				GCC_WARN_ABOUT_RETURN_TYPE = YES_ERROR;
				GCC_WARN_UNDECLARED_SELECTOR = YES;
				GCC_WARN_UNINITIALIZED_AUTOS = YES_AGGRESSIVE;
				GCC_WARN_UNUSED_FUNCTION = YES;
				GCC_WARN_UNUSED_VARIABLE = YES;
				IPHONEOS_DEPLOYMENT_TARGET = 17.5;
				LOCALIZATION_PREFERS_STRING_CATALOGS = YES;
				MTL_ENABLE_DEBUG_INFO = INCLUDE_SOURCE;
				MTL_FAST_MATH = YES;
				ONLY_ACTIVE_ARCH = YES;
				SDKROOT = iphoneos;
				SWIFT_ACTIVE_COMPILATION_CONDITIONS = "DEBUG $(inherited)";
				SWIFT_OPTIMIZATION_LEVEL = "-Onone";
			};
			name = Debug;
		};
		C40DECC22C4E1E3C005502AB /* Release */ = {
			isa = XCBuildConfiguration;
			buildSettings = {
				ALWAYS_SEARCH_USER_PATHS = NO;
				ASSETCATALOG_COMPILER_GENERATE_SWIFT_ASSET_SYMBOL_EXTENSIONS = YES;
				CLANG_ANALYZER_NONNULL = YES;
				CLANG_ANALYZER_NUMBER_OBJECT_CONVERSION = YES_AGGRESSIVE;
				CLANG_CXX_LANGUAGE_STANDARD = "gnu++20";
				CLANG_ENABLE_MODULES = YES;
				CLANG_ENABLE_OBJC_ARC = YES;
				CLANG_ENABLE_OBJC_WEAK = YES;
				CLANG_WARN_BLOCK_CAPTURE_AUTORELEASING = YES;
				CLANG_WARN_BOOL_CONVERSION = YES;
				CLANG_WARN_COMMA = YES;
				CLANG_WARN_CONSTANT_CONVERSION = YES;
				CLANG_WARN_DEPRECATED_OBJC_IMPLEMENTATIONS = YES;
				CLANG_WARN_DIRECT_OBJC_ISA_USAGE = YES_ERROR;
				CLANG_WARN_DOCUMENTATION_COMMENTS = YES;
				CLANG_WARN_EMPTY_BODY = YES;
				CLANG_WARN_ENUM_CONVERSION = YES;
				CLANG_WARN_INFINITE_RECURSION = YES;
				CLANG_WARN_INT_CONVERSION = YES;
				CLANG_WARN_NON_LITERAL_NULL_CONVERSION = YES;
				CLANG_WARN_OBJC_IMPLICIT_RETAIN_SELF = YES;
				CLANG_WARN_OBJC_LITERAL_CONVERSION = YES;
				CLANG_WARN_OBJC_ROOT_CLASS = YES_ERROR;
				CLANG_WARN_QUOTED_INCLUDE_IN_FRAMEWORK_HEADER = YES;
				CLANG_WARN_RANGE_LOOP_ANALYSIS = YES;
				CLANG_WARN_STRICT_PROTOTYPES = YES;
				CLANG_WARN_SUSPICIOUS_MOVE = YES;
				CLANG_WARN_UNGUARDED_AVAILABILITY = YES_AGGRESSIVE;
				CLANG_WARN_UNREACHABLE_CODE = YES;
				CLANG_WARN__DUPLICATE_METHOD_MATCH = YES;
				COPY_PHASE_STRIP = NO;
				DEBUG_INFORMATION_FORMAT = "dwarf-with-dsym";
				ENABLE_NS_ASSERTIONS = NO;
				ENABLE_STRICT_OBJC_MSGSEND = YES;
				ENABLE_USER_SCRIPT_SANDBOXING = YES;
				GCC_C_LANGUAGE_STANDARD = gnu17;
				GCC_NO_COMMON_BLOCKS = YES;
				GCC_WARN_64_TO_32_BIT_CONVERSION = YES;
				GCC_WARN_ABOUT_RETURN_TYPE = YES_ERROR;
				GCC_WARN_UNDECLARED_SELECTOR = YES;
				GCC_WARN_UNINITIALIZED_AUTOS = YES_AGGRESSIVE;
				GCC_WARN_UNUSED_FUNCTION = YES;
				GCC_WARN_UNUSED_VARIABLE = YES;
				IPHONEOS_DEPLOYMENT_TARGET = 17.5;
				LOCALIZATION_PREFERS_STRING_CATALOGS = YES;
				MTL_ENABLE_DEBUG_INFO = NO;
				MTL_FAST_MATH = YES;
				SDKROOT = iphoneos;
				SWIFT_COMPILATION_MODE = wholemodule;
				VALIDATE_PRODUCT = YES;
			};
			name = Release;
		};
		C40DECC42C4E1E3C005502AB /* Debug */ = {
			isa = XCBuildConfiguration;
			buildSettings = {
				ASSETCATALOG_COMPILER_APPICON_NAME = AppIcon;
				ASSETCATALOG_COMPILER_GLOBAL_ACCENT_COLOR_NAME = AccentColor;
				CODE_SIGN_STYLE = Automatic;
				CURRENT_PROJECT_VERSION = 1;
				DEVELOPMENT_ASSET_PATHS = "\"noki-demo/Preview Content\"";
				ENABLE_PREVIEWS = YES;
				GENERATE_INFOPLIST_FILE = YES;
				INFOPLIST_FILE = "noki-demo/Info.plist";
				INFOPLIST_KEY_UIApplicationSceneManifest_Generation = YES;
				INFOPLIST_KEY_UIApplicationSupportsIndirectInputEvents = YES;
				INFOPLIST_KEY_UILaunchScreen_Generation = YES;
				INFOPLIST_KEY_UISupportedInterfaceOrientations_iPad = "UIInterfaceOrientationPortrait UIInterfaceOrientationPortraitUpsideDown UIInterfaceOrientationLandscapeLeft UIInterfaceOrientationLandscapeRight";
				INFOPLIST_KEY_UISupportedInterfaceOrientations_iPhone = "UIInterfaceOrientationPortrait UIInterfaceOrientationLandscapeLeft UIInterfaceOrientationLandscapeRight";
				LD_RUNPATH_SEARCH_PATHS = (
					"$(inherited)",
					"@executable_path/Frameworks",
				);
				MARKETING_VERSION = 1.0;
				PRODUCT_BUNDLE_IDENTIFIER = "thinkhat-poc.noki-demo";
				PRODUCT_NAME = "$(TARGET_NAME)";
				SWIFT_EMIT_LOC_STRINGS = YES;
				SWIFT_VERSION = 5.0;
				TARGETED_DEVICE_FAMILY = "1,2";
			};
			name = Debug;
		};
		C40DECC52C4E1E3C005502AB /* Release */ = {
			isa = XCBuildConfiguration;
			buildSettings = {
				ASSETCATALOG_COMPILER_APPICON_NAME = AppIcon;
				ASSETCATALOG_COMPILER_GLOBAL_ACCENT_COLOR_NAME = AccentColor;
				CODE_SIGN_STYLE = Automatic;
				CURRENT_PROJECT_VERSION = 1;
				DEVELOPMENT_ASSET_PATHS = "\"noki-demo/Preview Content\"";
				ENABLE_PREVIEWS = YES;
				GENERATE_INFOPLIST_FILE = YES;
				INFOPLIST_FILE = "noki-demo/Info.plist";
				INFOPLIST_KEY_UIApplicationSceneManifest_Generation = YES;
				INFOPLIST_KEY_UIApplicationSupportsIndirectInputEvents = YES;
				INFOPLIST_KEY_UILaunchScreen_Generation = YES;
				INFOPLIST_KEY_UISupportedInterfaceOrientations_iPad = "UIInterfaceOrientationPortrait UIInterfaceOrientationPortraitUpsideDown UIInterfaceOrientationLandscapeLeft UIInterfaceOrientationLandscapeRight";
				INFOPLIST_KEY_UISupportedInterfaceOrientations_iPhone = "UIInterfaceOrientationPortrait UIInterfaceOrientationLandscapeLeft UIInterfaceOrientationLandscapeRight";
				LD_RUNPATH_SEARCH_PATHS = (
					"$(inherited)",
					"@executable_path/Frameworks",
				);
				MARKETING_VERSION = 1.0;
				PRODUCT_BUNDLE_IDENTIFIER = "thinkhat-poc.noki-demo";
				PRODUCT_NAME = "$(TARGET_NAME)";
				SWIFT_EMIT_LOC_STRINGS = YES;
				SWIFT_VERSION = 5.0;
				TARGETED_DEVICE_FAMILY = "1,2";
			};
			name = Release;
		};
		C40DECC72C4E1E3C005502AB /* Debug */ = {
			isa = XCBuildConfiguration;
			buildSettings = {
				ALWAYS_EMBED_SWIFT_STANDARD_LIBRARIES = YES;
				BUNDLE_LOADER = "$(TEST_HOST)";
				CODE_SIGN_STYLE = Automatic;
				CURRENT_PROJECT_VERSION = 1;
				GENERATE_INFOPLIST_FILE = YES;
				IPHONEOS_DEPLOYMENT_TARGET = 17.5;
				MARKETING_VERSION = 1.0;
				PRODUCT_BUNDLE_IDENTIFIER = "thinkhat-poc.noki-demoTests";
				PRODUCT_NAME = "$(TARGET_NAME)";
				SWIFT_EMIT_LOC_STRINGS = NO;
				SWIFT_VERSION = 5.0;
				TARGETED_DEVICE_FAMILY = "1,2";
				TEST_HOST = "$(BUILT_PRODUCTS_DIR)/noki-demo.app/$(BUNDLE_EXECUTABLE_FOLDER_PATH)/noki-demo";
			};
			name = Debug;
		};
		C40DECC82C4E1E3C005502AB /* Release */ = {
			isa = XCBuildConfiguration;
			buildSettings = {
				ALWAYS_EMBED_SWIFT_STANDARD_LIBRARIES = YES;
				BUNDLE_LOADER = "$(TEST_HOST)";
				CODE_SIGN_STYLE = Automatic;
				CURRENT_PROJECT_VERSION = 1;
				GENERATE_INFOPLIST_FILE = YES;
				IPHONEOS_DEPLOYMENT_TARGET = 17.5;
				MARKETING_VERSION = 1.0;
				PRODUCT_BUNDLE_IDENTIFIER = "thinkhat-poc.noki-demoTests";
				PRODUCT_NAME = "$(TARGET_NAME)";
				SWIFT_EMIT_LOC_STRINGS = NO;
				SWIFT_VERSION = 5.0;
				TARGETED_DEVICE_FAMILY = "1,2";
				TEST_HOST = "$(BUILT_PRODUCTS_DIR)/noki-demo.app/$(BUNDLE_EXECUTABLE_FOLDER_PATH)/noki-demo";
			};
			name = Release;
		};
		C40DECCA2C4E1E3C005502AB /* Debug */ = {
			isa = XCBuildConfiguration;
			buildSettings = {
				ALWAYS_EMBED_SWIFT_STANDARD_LIBRARIES = YES;
				CODE_SIGN_STYLE = Automatic;
				CURRENT_PROJECT_VERSION = 1;
				GENERATE_INFOPLIST_FILE = YES;
				MARKETING_VERSION = 1.0;
				PRODUCT_BUNDLE_IDENTIFIER = "thinkhat-poc.noki-demoUITests";
				PRODUCT_NAME = "$(TARGET_NAME)";
				SWIFT_EMIT_LOC_STRINGS = NO;
				SWIFT_VERSION = 5.0;
				TARGETED_DEVICE_FAMILY = "1,2";
				TEST_TARGET_NAME = "noki-demo";
			};
			name = Debug;
		};
		C40DECCB2C4E1E3C005502AB /* Release */ = {
			isa = XCBuildConfiguration;
			buildSettings = {
				ALWAYS_EMBED_SWIFT_STANDARD_LIBRARIES = YES;
				CODE_SIGN_STYLE = Automatic;
				CURRENT_PROJECT_VERSION = 1;
				GENERATE_INFOPLIST_FILE = YES;
				MARKETING_VERSION = 1.0;
				PRODUCT_BUNDLE_IDENTIFIER = "thinkhat-poc.noki-demoUITests";
				PRODUCT_NAME = "$(TARGET_NAME)";
				SWIFT_EMIT_LOC_STRINGS = NO;
				SWIFT_VERSION = 5.0;
				TARGETED_DEVICE_FAMILY = "1,2";
				TEST_TARGET_NAME = "noki-demo";
			};
			name = Release;
		};
/* End XCBuildConfiguration section */

/* Begin XCConfigurationList section */
		C40DEC9A2C4E1E3A005502AB /* Build configuration list for PBXProject "noki-demo" */ = {
			isa = XCConfigurationList;
			buildConfigurations = (
				C40DECC12C4E1E3C005502AB /* Debug */,
				C40DECC22C4E1E3C005502AB /* Release */,
			);
			defaultConfigurationIsVisible = 0;
			defaultConfigurationName = Release;
		};
		C40DECC32C4E1E3C005502AB /* Build configuration list for PBXNativeTarget "noki-demo" */ = {
			isa = XCConfigurationList;
			buildConfigurations = (
				C40DECC42C4E1E3C005502AB /* Debug */,
				C40DECC52C4E1E3C005502AB /* Release */,
			);
			defaultConfigurationIsVisible = 0;
			defaultConfigurationName = Release;
		};
		C40DECC62C4E1E3C005502AB /* Build configuration list for PBXNativeTarget "noki-demoTests" */ = {
			isa = XCConfigurationList;
			buildConfigurations = (
				C40DECC72C4E1E3C005502AB /* Debug */,
				C40DECC82C4E1E3C005502AB /* Release */,
			);
			defaultConfigurationIsVisible = 0;
			defaultConfigurationName = Release;
		};
		C40DECC92C4E1E3C005502AB /* Build configuration list for PBXNativeTarget "noki-demoUITests" */ = {
			isa = XCConfigurationList;
			buildConfigurations = (
				C40DECCA2C4E1E3C005502AB /* Debug */,
				C40DECCB2C4E1E3C005502AB /* Release */,
			);
			defaultConfigurationIsVisible = 0;
			defaultConfigurationName = Release;
		};
/* End XCConfigurationList section */

/* Begin XCRemoteSwiftPackageReference section */
		C4940EE62C50D3B90036526C /* XCRemoteSwiftPackageReference "firebase-ios-sdk" */ = {
			isa = XCRemoteSwiftPackageReference;
			repositoryURL = "https://github.com/firebase/firebase-ios-sdk.git";
			requirement = {
				kind = upToNextMajorVersion;
				minimumVersion = 10.29.0;
			};
		};
/* End XCRemoteSwiftPackageReference section */

/* Begin XCSwiftPackageProductDependency section */
		C4940EE72C50D3B90036526C /* FirebaseAuth */ = {
			isa = XCSwiftPackageProductDependency;
			package = C4940EE62C50D3B90036526C /* XCRemoteSwiftPackageReference "firebase-ios-sdk" */;
			productName = FirebaseAuth;
		};
		C4940EE92C50D3B90036526C /* FirebaseFirestore */ = {
			isa = XCSwiftPackageProductDependency;
			package = C4940EE62C50D3B90036526C /* XCRemoteSwiftPackageReference "firebase-ios-sdk" */;
			productName = FirebaseFirestore;
		};
/* End XCSwiftPackageProductDependency section */
	};
	rootObject = C40DEC972C4E1E3A005502AB /* Project object */;
}
